
Microsoft Visual Studio Solution File, Format Version 12.00
# Visual Studio Version 17
VisualStudioVersion = 17.13.35913.81 d17.13
MinimumVisualStudioVersion = 10.0.40219.1
Project("{FAE04EC0-301F-11D3-BF4B-00C04F79EFBC}") = "video-downloader", "video-downloader\video-downloader.csproj", "{807D5F87-19A4-4528-8E73-99AFA0DE4BE4}"
EndProject
Global
	GlobalSection(SolutionConfigurationPlatforms) = preSolution
		Debug|Any CPU = Debug|Any CPU
		Release|Any CPU = Release|Any CPU
	EndGlobalSection
	GlobalSection(ProjectConfigurationPlatforms) = postSolution
		{807D5F87-19A4-4528-8E73-99AFA0DE4BE4}.Debug|Any CPU.ActiveCfg = Debug|Any CPU
		{807D5F87-19A4-4528-8E73-99AFA0DE4BE4}.Debug|Any CPU.Build.0 = Debug|Any CPU
		{807D5F87-19A4-4528-8E73-99AFA0DE4BE4}.Release|Any CPU.ActiveCfg = Release|Any CPU
		{807D5F87-19A4-4528-8E73-99AFA0DE4BE4}.Release|Any CPU.Build.0 = Release|Any CPU
	EndGlobalSection
	GlobalSection(SolutionProperties) = preSolution
		HideSolutionNode = FALSE
	EndGlobalSection
	GlobalSection(ExtensibilityGlobals) = postSolution
		SolutionGuid = {5C3E4E23-1D68-4647-87E8-3389458146BE}
	EndGlobalSection
EndGlobal
